
Microsoft Visual Studio Solution File, Format Version 12.00
# Visual Studio Version 17
VisualStudioVersion = 17.0.32112.339
MinimumVisualStudioVersion = 10.0.40219.1
Project("{9A19103F-16F7-4668-BE54-9A1E7A4F7556}") = "Api", "Api\Api.csproj", "{85325F42-E07D-41F4-A656-6B2401FB5B20}"
EndProject
Project("{2150E333-8FDC-42A3-9474-1A3956D46DE8}") = "Core", "Core", "{F780956C-8E4C-4AC2-AA22-D63DB79B57FA}"
EndProject
Project("{2150E333-8FDC-42A3-9474-1A3956D46DE8}") = "Adapters", "Adapters", "{7C60E7F6-15AA-46BF-BF4A-6FA5E2811796}"
EndProject
Project("{2150E333-8FDC-42A3-9474-1A3956D46DE8}") = "Driving", "Driving", "{CF9477A0-39E0-42C9-AB98-8E8B53DE2F18}"
EndProject
Project("{2150E333-8FDC-42A3-9474-1A3956D46DE8}") = "Driven", "Driven", "{F1942595-2D48-4F46-B420-E34A9B931810}"
EndProject
Project("{2150E333-8FDC-42A3-9474-1A3956D46DE8}") = "Tests", "Tests", "{C0D06BB7-9937-4655-86F9-515DE70DC8E4}"
EndProject
Project("{9A19103F-16F7-4668-BE54-9A1E7A4F7556}") = "Application", "Application\Application.csproj", "{C19CFA12-C630-4E59-BFFF-4D049C7A538F}"
EndProject
Project("{9A19103F-16F7-4668-BE54-9A1E7A4F7556}") = "External.PokeApi", "External.PokeApi\External.PokeApi.csproj", "{AA1ECB16-15E5-40DD-85C0-FAF342A22FB7}"
EndProject
Project("{9A19103F-16F7-4668-BE54-9A1E7A4F7556}") = "Test.Api", "Test.Api\Test.Api.csproj", "{A2729244-9B1A-43C5-8F63-950116C8BAFA}"
EndProject
Project("{9A19103F-16F7-4668-BE54-9A1E7A4F7556}") = "Domain", "Domain\Domain.csproj", "{CE82930A-DFD1-4372-9092-1849B9A7DC21}"
EndProject
Project("{9A19103F-16F7-4668-BE54-9A1E7A4F7556}") = "Infra.Database", "Infra.Database\Infra.Database.csproj", "{FD39538C-E810-4BCE-BE66-25AC47A0DAB6}"
EndProject
Project("{E53339B2-1760-4266-BCC7-CA923CBCF16C}") = "docker-compose", "docker-compose.dcproj", "{0C215D99-536C-4B2B-9234-5CB07DF405B9}"
EndProject
Global
	GlobalSection(SolutionConfigurationPlatforms) = preSolution
		Debug|Any CPU = Debug|Any CPU
		Release|Any CPU = Release|Any CPU
	EndGlobalSection
	GlobalSection(ProjectConfigurationPlatforms) = postSolution
		{85325F42-E07D-41F4-A656-6B2401FB5B20}.Debug|Any CPU.ActiveCfg = Debug|Any CPU
		{85325F42-E07D-41F4-A656-6B2401FB5B20}.Debug|Any CPU.Build.0 = Debug|Any CPU
		{85325F42-E07D-41F4-A656-6B2401FB5B20}.Release|Any CPU.ActiveCfg = Release|Any CPU
		{85325F42-E07D-41F4-A656-6B2401FB5B20}.Release|Any CPU.Build.0 = Release|Any CPU
		{C19CFA12-C630-4E59-BFFF-4D049C7A538F}.Debug|Any CPU.ActiveCfg = Debug|Any CPU
		{C19CFA12-C630-4E59-BFFF-4D049C7A538F}.Debug|Any CPU.Build.0 = Debug|Any CPU
		{C19CFA12-C630-4E59-BFFF-4D049C7A538F}.Release|Any CPU.ActiveCfg = Release|Any CPU
		{C19CFA12-C630-4E59-BFFF-4D049C7A538F}.Release|Any CPU.Build.0 = Release|Any CPU
		{AA1ECB16-15E5-40DD-85C0-FAF342A22FB7}.Debug|Any CPU.ActiveCfg = Debug|Any CPU
		{AA1ECB16-15E5-40DD-85C0-FAF342A22FB7}.Debug|Any CPU.Build.0 = Debug|Any CPU
		{AA1ECB16-15E5-40DD-85C0-FAF342A22FB7}.Release|Any CPU.ActiveCfg = Release|Any CPU
		{AA1ECB16-15E5-40DD-85C0-FAF342A22FB7}.Release|Any CPU.Build.0 = Release|Any CPU
		{A2729244-9B1A-43C5-8F63-950116C8BAFA}.Debug|Any CPU.ActiveCfg = Debug|Any CPU
		{A2729244-9B1A-43C5-8F63-950116C8BAFA}.Debug|Any CPU.Build.0 = Debug|Any CPU
		{A2729244-9B1A-43C5-8F63-950116C8BAFA}.Release|Any CPU.ActiveCfg = Release|Any CPU
		{A2729244-9B1A-43C5-8F63-950116C8BAFA}.Release|Any CPU.Build.0 = Release|Any CPU
		{CE82930A-DFD1-4372-9092-1849B9A7DC21}.Debug|Any CPU.ActiveCfg = Debug|Any CPU
		{CE82930A-DFD1-4372-9092-1849B9A7DC21}.Debug|Any CPU.Build.0 = Debug|Any CPU
		{CE82930A-DFD1-4372-9092-1849B9A7DC21}.Release|Any CPU.ActiveCfg = Release|Any CPU
		{CE82930A-DFD1-4372-9092-1849B9A7DC21}.Release|Any CPU.Build.0 = Release|Any CPU
		{FD39538C-E810-4BCE-BE66-25AC47A0DAB6}.Debug|Any CPU.ActiveCfg = Debug|Any CPU
		{FD39538C-E810-4BCE-BE66-25AC47A0DAB6}.Debug|Any CPU.Build.0 = Debug|Any CPU
		{FD39538C-E810-4BCE-BE66-25AC47A0DAB6}.Release|Any CPU.ActiveCfg = Release|Any CPU
		{FD39538C-E810-4BCE-BE66-25AC47A0DAB6}.Release|Any CPU.Build.0 = Release|Any CPU
		{0C215D99-536C-4B2B-9234-5CB07DF405B9}.Debug|Any CPU.ActiveCfg = Debug|Any CPU
		{0C215D99-536C-4B2B-9234-5CB07DF405B9}.Debug|Any CPU.Build.0 = Debug|Any CPU
		{0C215D99-536C-4B2B-9234-5CB07DF405B9}.Release|Any CPU.ActiveCfg = Release|Any CPU
		{0C215D99-536C-4B2B-9234-5CB07DF405B9}.Release|Any CPU.Build.0 = Release|Any CPU
	EndGlobalSection
	GlobalSection(SolutionProperties) = preSolution
		HideSolutionNode = FALSE
	EndGlobalSection
	GlobalSection(NestedProjects) = preSolution
		{85325F42-E07D-41F4-A656-6B2401FB5B20} = {CF9477A0-39E0-42C9-AB98-8E8B53DE2F18}
		{CF9477A0-39E0-42C9-AB98-8E8B53DE2F18} = {7C60E7F6-15AA-46BF-BF4A-6FA5E2811796}
		{F1942595-2D48-4F46-B420-E34A9B931810} = {7C60E7F6-15AA-46BF-BF4A-6FA5E2811796}
		{C19CFA12-C630-4E59-BFFF-4D049C7A538F} = {F780956C-8E4C-4AC2-AA22-D63DB79B57FA}
		{AA1ECB16-15E5-40DD-85C0-FAF342A22FB7} = {F1942595-2D48-4F46-B420-E34A9B931810}
		{A2729244-9B1A-43C5-8F63-950116C8BAFA} = {C0D06BB7-9937-4655-86F9-515DE70DC8E4}
		{CE82930A-DFD1-4372-9092-1849B9A7DC21} = {F780956C-8E4C-4AC2-AA22-D63DB79B57FA}
		{FD39538C-E810-4BCE-BE66-25AC47A0DAB6} = {F1942595-2D48-4F46-B420-E34A9B931810}
	EndGlobalSection
	GlobalSection(ExtensibilityGlobals) = postSolution
		SolutionGuid = {6F3AFD1B-4230-44F6-A43A-74604083B180}
	EndGlobalSection
EndGlobal
